{
  "name": "abap-projects",
  "version": "0.0.0",
  "lockfileVersion": 3,
  "requires": true,
  "packages": {
    "": {
      "name": "abap-projects",
      "version": "0.0.0",
      "license": "MIT",
      "devDependencies": {
        "@abaplint/cli": "^2.120.60",
        "@abaplint/runtime": "^2.13.93",
        "@abaplint/transpiler-cli": "^2.13.93"
      }
    },
    "node_modules/@abaplint/cli": {
      "version": "2.120.60",
      "resolved": "https://registry.npmjs.org/@abaplint/cli/-/cli-2.120.60.tgz",
      "integrity": "sha512-GohYyKD6BTIiGuFQGCYgiDTt/1Uw39E4OtwXNiDSt/U+9mrT4Cfy3tvqfe3cHJPStrYjourHm9GW99arVtvDDw==",
      "dev": true,
      "license": "MIT",
      "bin": {
        "abaplint": "abaplint"
      },
      "engines": {
        "node": ">=22.0.0"
      },
      "funding": {
        "url": "https://github.com/sponsors/larshp"
      }
    },
    "node_modules/@abaplint/runtime": {
      "version": "2.13.93",
      "resolved": "https://registry.npmjs.org/@abaplint/runtime/-/runtime-2.13.93.tgz",
      "integrity": "sha512-AkeQhrriQnFvlvQCcErrrS/DPZNzoj8z2k5CfBc7CBX3wlYWCr90VIhJMaBz3PctOLjQJ/3l2v3dLnrEk7/IgA==",
      "dev": true,
      "license": "MIT",
      "dependencies": {
        "temporal-polyfill": "^1.0.4"
      },
      "funding": {
        "url": "https://github.com/sponsors/larshp"
      }
    },
    "node_modules/@abaplint/transpiler-cli": {
      "version": "2.13.93",
      "resolved": "https://registry.npmjs.org/@abaplint/transpiler-cli/-/transpiler-cli-2.13.93.tgz",
      "integrity": "sha512-6flbjYNXxTglI+RjPy3XRVCnEj5tDfp78XnH6ZDnEY4fzRHF06ETHAYUsYsrhNiZbKXs6Oz/mrsn6ruuXOeuDw==",
      "dev": true,
      "license": "MIT",
      "bin": {
        "abap_transpile": "abap_transpile"
      },
      "funding": {
        "url": "https://github.com/sponsors/larshp"
      }
    },
    "node_modules/temporal-polyfill": {
      "version": "1.0.5",
      "resolved": "https://registry.npmjs.org/temporal-polyfill/-/temporal-polyfill-1.0.5.tgz",
      "integrity": "sha512-+H/mmY74i6wXCMcjIhGuSnODcyZnc4eois2myhOyX0UqRAKNXQY5m9iB1en5jQ/n4SXtjLXo1ElBI5bmn8tZwQ==",
      "dev": true,
      "license": "MIT",
      "dependencies": {
        "temporal-spec": "1.0.1",
        "temporal-utils": "1.0.3"
      }
    },
    "node_modules/temporal-spec": {
      "version": "1.0.1",
      "resolved": "https://registry.npmjs.org/temporal-spec/-/temporal-spec-1.0.1.tgz",
      "integrity": "sha512-wxVoanmDeavXie1vu2JaQ3WIc3JZnWAOYFBsJyATaVsXsycKYUflGsyBmrRSnoCpZJpwPyr38VpgSUlQ8CbFxg==",
      "dev": true,
      "license": "Apache-2.0"
    },
    "node_modules/temporal-utils": {
      "version": "1.0.3",
      "resolved": "https://registry.npmjs.org/temporal-utils/-/temporal-utils-1.0.3.tgz",
      "integrity": "sha512-9jbTSX3HvkOWvDpNpFzwX/d1mkCrgQgwLmVTOEiuocZGKHsrQJtttGZFmybJ2zYP5zCSZuU5ZyeS8+eOEPABiQ==",
      "dev": true,
      "license": "MIT"
    }
  }
}
