{
  "name": "abap-projects",
  "version": "0.0.0",
  "lockfileVersion": 3,
  "requires": true,
  "packages": {
    "": {
      "name": "abap-projects",
      "version": "0.0.0",
      "license": "MIT",
      "devDependencies": {
        "@abaplint/cli": "^2.120.55",
        "@abaplint/transpiler-cli": "^2.13.89"
      }
    },
    "node_modules/@abaplint/cli": {
      "version": "2.120.57",
      "resolved": "https://registry.npmjs.org/@abaplint/cli/-/cli-2.120.57.tgz",
      "integrity": "sha512-YnVc8QajqzIMbl6t7RyLCWYa+Ov7sV6+rXhBCDXh5NCuGr8Cr1+fRlz20iGJVj1UITrlie5Iduhnc2RZO4EtHA==",
      "dev": true,
      "license": "MIT",
      "bin": {
        "abaplint": "abaplint"
      },
      "engines": {
        "node": ">=22.0.0"
      },
      "funding": {
        "url": "https://github.com/sponsors/larshp"
      }
    },
    "node_modules/@abaplint/transpiler-cli": {
      "version": "2.13.90",
      "resolved": "https://registry.npmjs.org/@abaplint/transpiler-cli/-/transpiler-cli-2.13.90.tgz",
      "integrity": "sha512-jwnAGXrXFkXWRDqsErV5kDQa9ylxFRUTGviuI5gpKFBFsPntdLGzjVOir5PH2XbbtrN2FxYh+uht5/x2EiZv3w==",
      "dev": true,
      "license": "MIT",
      "bin": {
        "abap_transpile": "abap_transpile"
      },
      "funding": {
        "url": "https://github.com/sponsors/larshp"
      }
    }
  }
}
